# This file is automatically @generated by Cargo.
# It is not intended for manual editing.
version = 3

[[package]]
name = "e23"
version = "0.1.0"
dependencies = [
 "euler",
]

[[package]]
name = "euler"
version = "0.5.3"
source = "git+https://github.com/wells1632/euler-rust.git#7cce41cbe20a13c0c7d046fb5814901c26847f29"
