# This file is automatically @generated by Cargo.
# It is not intended for manual editing.
version = 3

[[package]]
name = "e07"
version = "0.1.0"
dependencies = [
 "euler",
]

[[package]]
name = "euler"
version = "0.1.0"
source = "git+https://github.com/wells1632/euler-rust.git#9b09b4a38cce0050b17816fdb9f0820026b4959f"
