# This file is automatically @generated by Cargo.
# It is not intended for manual editing.
version = 4

[[package]]
name = "e27"
version = "0.1.0"
dependencies = [
 "euler",
]

[[package]]
name = "euler"
version = "0.5.3"
source = "git+https://github.com/wells1632/euler-rust.git#b409a1520d15d3c96f6477d2d597c1dc14d66da4"
