# This file is automatically @generated by Cargo.
# It is not intended for manual editing.
version = 3

[[package]]
name = "e10"
version = "0.1.0"
dependencies = [
 "euler",
]

[[package]]
name = "euler"
version = "0.3.0"
source = "git+https://github.com/wells1632/euler-rust.git#e5ae93ae521e62f929d3cb8ed688d23fc6fe56e4"
